
Microsoft Visual Studio Solution File, Format Version 12.00
# Visual Studio 15
VisualStudioVersion = 15.0.28307.1972
MinimumVisualStudioVersion = 10.0.40219.1
Project("{8BC9CEB8-8B4A-11D0-8D11-00A0C91BC942}") = "3DPrintPlanner", "3DPrintPlanner.vcxproj", "{8839B619-45A1-3228-9F07-08CB66E2192A}"
EndProject
Global
	GlobalSection(SolutionConfigurationPlatforms) = preSolution
		Debug|x64 = Debug|x64
		Release|x64 = Release|x64
	EndGlobalSection
	GlobalSection(ProjectConfigurationPlatforms) = postSolution
		{8839B619-45A1-3228-9F07-08CB66E2192A}.Debug|x64.ActiveCfg = Debug|x64
		{8839B619-45A1-3228-9F07-08CB66E2192A}.Debug|x64.Build.0 = Debug|x64
		{8839B619-45A1-3228-9F07-08CB66E2192A}.Release|x64.ActiveCfg = Release|x64
		{8839B619-45A1-3228-9F07-08CB66E2192A}.Release|x64.Build.0 = Release|x64
	EndGlobalSection
	GlobalSection(SolutionProperties) = preSolution
		HideSolutionNode = FALSE
	EndGlobalSection
	GlobalSection(ExtensibilityGlobals) = postSolution
		SolutionGuid = {4A630AE8-F033-47F8-9E0B-299041E51D29}
	EndGlobalSection
EndGlobal
